// !$*UTF8*$!
{
	archiveVersion = 1;
	classes = {
	};
	objectVersion = 50;
	objects = {

/* Begin PBXBuildFile section */
		F06A9AAE22651A5B004E8BDB /* AppDelegate.swift in Sources */ = {isa = PBXBuildFile; fileRef = F06A9AAD22651A5B004E8BDB /* AppDelegate.swift */; };
		F06A9AB022651A5B004E8BDB /* ViewController.swift in Sources */ = {isa = PBXBuildFile; fileRef = F06A9AAF22651A5B004E8BDB /* ViewController.swift */; };
		F06A9AB322651A5B004E8BDB /* Main.storyboard in Resources */ = {isa = PBXBuildFile; fileRef = F06A9AB122651A5B004E8BDB /* Main.storyboard */; };
		F06A9AB522651A5D004E8BDB /* Assets.xcassets in Resources */ = {isa = PBXBuildFile; fileRef = F06A9AB422651A5D004E8BDB /* Assets.xcassets */; };
		F06A9AB822651A5D004E8BDB /* LaunchScreen.storyboard in Resources */ = {isa = PBXBuildFile; fileRef = F06A9AB622651A5D004E8BDB /* LaunchScreen.storyboard */; };
/* End PBXBuildFile section */

/* Begin PBXFileReference section */
		F06A9AAA22651A5B004E8BDB /* KeyChainShareApp1.app */ = {isa = PBXFileReference; explicitFileType = wrapper.application; includeInIndex = 0; path = KeyChainShareApp1.app; sourceTree = BUILT_PRODUCTS_DIR; };
		F06A9AAD22651A5B004E8BDB /* AppDelegate.swift */ = {isa = PBXFileReference; lastKnownFileType = sourcecode.swift; path = AppDelegate.swift; sourceTree = "<group>"; };
		F06A9AAF22651A5B004E8BDB /* ViewController.swift */ = {isa = PBXFileReference; lastKnownFileType = sourcecode.swift; path = ViewController.swift; sourceTree = "<group>"; };
		F06A9AB222651A5B004E8BDB /* Base */ = {isa = PBXFileReference; lastKnownFileType = file.storyboard; name = Base; path = Base.lproj/Main.storyboard; sourceTree = "<group>"; };
		F06A9AB422651A5D004E8BDB /* Assets.xcassets */ = {isa = PBXFileReference; lastKnownFileType = folder.assetcatalog; path = Assets.xcassets; sourceTree = "<group>"; };
		F06A9AB722651A5D004E8BDB /* Base */ = {isa = PBXFileReference; lastKnownFileType = file.storyboard; name = Base; path = Base.lproj/LaunchScreen.storyboard; sourceTree = "<group>"; };
		F06A9AB922651A5D004E8BDB /* Info.plist */ = {isa = PBXFileReference; lastKnownFileType = text.plist.xml; path = Info.plist; sourceTree = "<group>"; };
		F06A9ADD22651AA4004E8BDB /* KeyChainShareApp1.entitlements */ = {isa = PBXFileReference; lastKnownFileType = text.plist.entitlements; path = KeyChainShareApp1.entitlements; sourceTree = "<group>"; };
/* End PBXFileReference section */

/* Begin PBXFrameworksBuildPhase section */
		F06A9AA722651A5B004E8BDB /* Frameworks */ = {
			isa = PBXFrameworksBuildPhase;
			buildActionMask = 2147483647;
			files = (
			);
			runOnlyForDeploymentPostprocessing = 0;
		};
/* End PBXFrameworksBuildPhase section */

/* Begin PBXGroup section */
		F06A9AA122651A5B004E8BDB = {
			isa = PBXGroup;
			children = (
				F06A9AAC22651A5B004E8BDB /* KeyChainShareApp1 */,
				F06A9AAB22651A5B004E8BDB /* Products */,
			);
			sourceTree = "<group>";
		};
		F06A9AAB22651A5B004E8BDB /* Products */ = {
			isa = PBXGroup;
			children = (
				F06A9AAA22651A5B004E8BDB /* KeyChainShareApp1.app */,
			);
			name = Products;
			sourceTree = "<group>";
		};
		F06A9AAC22651A5B004E8BDB /* KeyChainShareApp1 */ = {
			isa = PBXGroup;
			children = (
				F06A9ADD22651AA4004E8BDB /* KeyChainShareApp1.entitlements */,
				F06A9AAD22651A5B004E8BDB /* AppDelegate.swift */,
				F06A9AAF22651A5B004E8BDB /* ViewController.swift */,
				F06A9AB122651A5B004E8BDB /* Main.storyboard */,
				F06A9AB422651A5D004E8BDB /* Assets.xcassets */,
				F06A9AB622651A5D004E8BDB /* LaunchScreen.storyboard */,
				F06A9AB922651A5D004E8BDB /* Info.plist */,
			);
			path = KeyChainShareApp1;
			sourceTree = "<group>";
		};
/* End PBXGroup section */

/* Begin PBXNativeTarget section */
		F06A9AA922651A5B004E8BDB /* KeyChainShareApp1 */ = {
			isa = PBXNativeTarget;
			buildConfigurationList = F06A9ABC22651A5D004E8BDB /* Build configuration list for PBXNativeTarget "KeyChainShareApp1" */;
			buildPhases = (
				F06A9AA622651A5B004E8BDB /* Sources */,
				F06A9AA722651A5B004E8BDB /* Frameworks */,
				F06A9AA822651A5B004E8BDB /* Resources */,
			);
			buildRules = (
			);
			dependencies = (
			);
			name = KeyChainShareApp1;
			productName = KeyChainShareApp1;
			productReference = F06A9AAA22651A5B004E8BDB /* KeyChainShareApp1.app */;
			productType = "com.apple.product-type.application";
		};
/* End PBXNativeTarget section */

/* Begin PBXProject section */
		F06A9AA222651A5B004E8BDB /* Project object */ = {
			isa = PBXProject;
			attributes = {
				LastSwiftUpdateCheck = 1010;
				LastUpgradeCheck = 1010;
				ORGANIZATIONNAME = Arwin;
				TargetAttributes = {
					F06A9AA922651A5B004E8BDB = {
						CreatedOnToolsVersion = 10.1;
						SystemCapabilities = {
							com.apple.Keychain = {
								enabled = 1;
							};
						};
					};
				};
			};
			buildConfigurationList = F06A9AA522651A5B004E8BDB /* Build configuration list for PBXProject "KeyChainShareApp1" */;
			compatibilityVersion = "Xcode 9.3";
			developmentRegion = en;
			hasScannedForEncodings = 0;
			knownRegions = (
				en,
				Base,
			);
			mainGroup = F06A9AA122651A5B004E8BDB;
			productRefGroup = F06A9AAB22651A5B004E8BDB /* Products */;
			projectDirPath = "";
			projectRoot = "";
			targets = (
				F06A9AA922651A5B004E8BDB /* KeyChainShareApp1 */,
			);
		};
/* End PBXProject section */

/* Begin PBXResourcesBuildPhase section */
		F06A9AA822651A5B004E8BDB /* Resources */ = {
			isa = PBXResourcesBuildPhase;
			buildActionMask = 2147483647;
			files = (
				F06A9AB822651A5D004E8BDB /* LaunchScreen.storyboard in Resources */,
				F06A9AB522651A5D004E8BDB /* Assets.xcassets in Resources */,
				F06A9AB322651A5B004E8BDB /* Main.storyboard in Resources */,
			);
			runOnlyForDeploymentPostprocessing = 0;
		};
/* End PBXResourcesBuildPhase section */

/* Begin PBXSourcesBuildPhase section */
		F06A9AA622651A5B004E8BDB /* Sources */ = {
			isa = PBXSourcesBuildPhase;
			buildActionMask = 2147483647;
			files = (
				F06A9AB022651A5B004E8BDB /* ViewController.swift in Sources */,
				F06A9AAE22651A5B004E8BDB /* AppDelegate.swift in Sources */,
			);
			runOnlyForDeploymentPostprocessing = 0;
		};
/* End PBXSourcesBuildPhase section */

/* Begin PBXVariantGroup section */
		F06A9AB122651A5B004E8BDB /* Main.storyboard */ = {
			isa = PBXVariantGroup;
			children = (
				F06A9AB222651A5B004E8BDB /* Base */,
			);
			name = Main.storyboard;
			sourceTree = "<group>";
		};
		F06A9AB622651A5D004E8BDB /* LaunchScreen.storyboard */ = {
			isa = PBXVariantGroup;
			children = (
				F06A9AB722651A5D004E8BDB /* Base */,
			);
			name = LaunchScreen.storyboard;
			sourceTree = "<group>";
		};
/* End PBXVariantGroup section */

/* Begin XCBuildConfiguration section */
		F06A9ABA22651A5D004E8BDB /* Debug */ = {
			isa = XCBuildConfiguration;
			buildSettings = {
				ALWAYS_SEARCH_USER_PATHS = NO;
				CLANG_ANALYZER_NONNULL = YES;
				CLANG_ANALYZER_NUMBER_OBJECT_CONVERSION = YES_AGGRESSIVE;
				CLANG_CXX_LANGUAGE_STANDARD = "gnu++14";
				CLANG_CXX_LIBRARY = "libc++";
				CLANG_ENABLE_MODULES = YES;
				CLANG_ENABLE_OBJC_ARC = YES;
				CLANG_ENABLE_OBJC_WEAK = YES;
				CLANG_WARN_BLOCK_CAPTURE_AUTORELEASING = YES;
				CLANG_WARN_BOOL_CONVERSION = YES;
				CLANG_WARN_COMMA = YES;
				CLANG_WARN_CONSTANT_CONVERSION = YES;
				CLANG_WARN_DEPRECATED_OBJC_IMPLEMENTATIONS = YES;
				CLANG_WARN_DIRECT_OBJC_ISA_USAGE = YES_ERROR;
				CLANG_WARN_DOCUMENTATION_COMMENTS = YES;
				CLANG_WARN_EMPTY_BODY = YES;
				CLANG_WARN_ENUM_CONVERSION = YES;
				CLANG_WARN_INFINITE_RECURSION = YES;
				CLANG_WARN_INT_CONVERSION = YES;
				CLANG_WARN_NON_LITERAL_NULL_CONVERSION = YES;
				CLANG_WARN_OBJC_IMPLICIT_RETAIN_SELF = YES;
				CLANG_WARN_OBJC_LITERAL_CONVERSION = YES;
				CLANG_WARN_OBJC_ROOT_CLASS = YES_ERROR;
				CLANG_WARN_RANGE_LOOP_ANALYSIS = YES;
				CLANG_WARN_STRICT_PROTOTYPES = YES;
				CLANG_WARN_SUSPICIOUS_MOVE = YES;
				CLANG_WARN_UNGUARDED_AVAILABILITY = YES_AGGRESSIVE;
				CLANG_WARN_UNREACHABLE_CODE = YES;
				CLANG_WARN__DUPLICATE_METHOD_MATCH = YES;
				CODE_SIGN_IDENTITY = "iPhone Developer";
				COPY_PHASE_STRIP = NO;
				DEBUG_INFORMATION_FORMAT = dwarf;
				ENABLE_STRICT_OBJC_MSGSEND = YES;
				ENABLE_TESTABILITY = YES;
				GCC_C_LANGUAGE_STANDARD = gnu11;
				GCC_DYNAMIC_NO_PIC = NO;
				GCC_NO_COMMON_BLOCKS = YES;
				GCC_OPTIMIZATION_LEVEL = 0;
				GCC_PREPROCESSOR_DEFINITIONS = (
					"DEBUG=1",
					"$(inherited)",
				);
				GCC_WARN_64_TO_32_BIT_CONVERSION = YES;
				GCC_WARN_ABOUT_RETURN_TYPE = YES_ERROR;
				GCC_WARN_UNDECLARED_SELECTOR = YES;
				GCC_WARN_UNINITIALIZED_AUTOS = YES_AGGRESSIVE;
				GCC_WARN_UNUSED_FUNCTION = YES;
				GCC_WARN_UNUSED_VARIABLE = YES;
				IPHONEOS_DEPLOYMENT_TARGET = 12.1;
				MTL_ENABLE_DEBUG_INFO = INCLUDE_SOURCE;
				MTL_FAST_MATH = YES;
				ONLY_ACTIVE_ARCH = YES;
				SDKROOT = iphoneos;
				SWIFT_ACTIVE_COMPILATION_CONDITIONS = DEBUG;
				SWIFT_OPTIMIZATION_LEVEL = "-Onone";
			};
			name = Debug;
		};
		F06A9ABB22651A5D004E8BDB /* Release */ = {
			isa = XCBuildConfiguration;
			buildSettings = {
				ALWAYS_SEARCH_USER_PATHS = NO;
				CLANG_ANALYZER_NONNULL = YES;
				CLANG_ANALYZER_NUMBER_OBJECT_CONVERSION = YES_AGGRESSIVE;
				CLANG_CXX_LANGUAGE_STANDARD = "gnu++14";
				CLANG_CXX_LIBRARY = "libc++";
				CLANG_ENABLE_MODULES = YES;
				CLANG_ENABLE_OBJC_ARC = YES;
				CLANG_ENABLE_OBJC_WEAK = YES;
				CLANG_WARN_BLOCK_CAPTURE_AUTORELEASING = YES;
				CLANG_WARN_BOOL_CONVERSION = YES;
				CLANG_WARN_COMMA = YES;
				CLANG_WARN_CONSTANT_CONVERSION = YES;
				CLANG_WARN_DEPRECATED_OBJC_IMPLEMENTATIONS = YES;
				CLANG_WARN_DIRECT_OBJC_ISA_USAGE = YES_ERROR;
				CLANG_WARN_DOCUMENTATION_COMMENTS = YES;
				CLANG_WARN_EMPTY_BODY = YES;
				CLANG_WARN_ENUM_CONVERSION = YES;
				CLANG_WARN_INFINITE_RECURSION = YES;
				CLANG_WARN_INT_CONVERSION = YES;
				CLANG_WARN_NON_LITERAL_NULL_CONVERSION = YES;
				CLANG_WARN_OBJC_IMPLICIT_RETAIN_SELF = YES;
				CLANG_WARN_OBJC_LITERAL_CONVERSION = YES;
				CLANG_WARN_OBJC_ROOT_CLASS = YES_ERROR;
				CLANG_WARN_RANGE_LOOP_ANALYSIS = YES;
				CLANG_WARN_STRICT_PROTOTYPES = YES;
				CLANG_WARN_SUSPICIOUS_MOVE = YES;
				CLANG_WARN_UNGUARDED_AVAILABILITY = YES_AGGRESSIVE;
				CLANG_WARN_UNREACHABLE_CODE = YES;
				CLANG_WARN__DUPLICATE_METHOD_MATCH = YES;
				CODE_SIGN_IDENTITY = "iPhone Developer";
				COPY_PHASE_STRIP = NO;
				DEBUG_INFORMATION_FORMAT = "dwarf-with-dsym";
				ENABLE_NS_ASSERTIONS = NO;
				ENABLE_STRICT_OBJC_MSGSEND = YES;
				GCC_C_LANGUAGE_STANDARD = gnu11;
				GCC_NO_COMMON_BLOCKS = YES;
				GCC_WARN_64_TO_32_BIT_CONVERSION = YES;
				GCC_WARN_ABOUT_RETURN_TYPE = YES_ERROR;
				GCC_WARN_UNDECLARED_SELECTOR = YES;
				GCC_WARN_UNINITIALIZED_AUTOS = YES_AGGRESSIVE;
				GCC_WARN_UNUSED_FUNCTION = YES;
				GCC_WARN_UNUSED_VARIABLE = YES;
				IPHONEOS_DEPLOYMENT_TARGET = 12.1;
				MTL_ENABLE_DEBUG_INFO = NO;
				MTL_FAST_MATH = YES;
				SDKROOT = iphoneos;
				SWIFT_COMPILATION_MODE = wholemodule;
				SWIFT_OPTIMIZATION_LEVEL = "-O";
				VALIDATE_PRODUCT = YES;
			};
			name = Release;
		};
		F06A9ABD22651A5D004E8BDB /* Debug */ = {
			isa = XCBuildConfiguration;
			buildSettings = {
				ASSETCATALOG_COMPILER_APPICON_NAME = AppIcon;
				CODE_SIGN_ENTITLEMENTS = KeyChainShareApp1/KeyChainShareApp1.entitlements;
				CODE_SIGN_STYLE = Automatic;
				DEVELOPMENT_TEAM = ZY26UYFWUF;
				INFOPLIST_FILE = KeyChainShareApp1/Info.plist;
				LD_RUNPATH_SEARCH_PATHS = (
					"$(inherited)",
					"@executable_path/Frameworks",
				);
				PRODUCT_BUNDLE_IDENTIFIER = com.arwin.KeyChainSharApp1;
				PRODUCT_NAME = "$(TARGET_NAME)";
				SWIFT_VERSION = 4.2;
				TARGETED_DEVICE_FAMILY = "1,2";
			};
			name = Debug;
		};
		F06A9ABE22651A5D004E8BDB /* Release */ = {
			isa = XCBuildConfiguration;
			buildSettings = {
				ASSETCATALOG_COMPILER_APPICON_NAME = AppIcon;
				CODE_SIGN_ENTITLEMENTS = KeyChainShareApp1/KeyChainShareApp1.entitlements;
				CODE_SIGN_STYLE = Automatic;
				DEVELOPMENT_TEAM = ZY26UYFWUF;
				INFOPLIST_FILE = KeyChainShareApp1/Info.plist;
				LD_RUNPATH_SEARCH_PATHS = (
					"$(inherited)",
					"@executable_path/Frameworks",
				);
				PRODUCT_BUNDLE_IDENTIFIER = com.arwin.KeyChainSharApp1;
				PRODUCT_NAME = "$(TARGET_NAME)";
				SWIFT_VERSION = 4.2;
				TARGETED_DEVICE_FAMILY = "1,2";
			};
			name = Release;
		};
/* End XCBuildConfiguration section */

/* Begin XCConfigurationList section */
		F06A9AA522651A5B004E8BDB /* Build configuration list for PBXProject "KeyChainShareApp1" */ = {
			isa = XCConfigurationList;
			buildConfigurations = (
				F06A9ABA22651A5D004E8BDB /* Debug */,
				F06A9ABB22651A5D004E8BDB /* Release */,
			);
			defaultConfigurationIsVisible = 0;
			defaultConfigurationName = Release;
		};
		F06A9ABC22651A5D004E8BDB /* Build configuration list for PBXNativeTarget "KeyChainShareApp1" */ = {
			isa = XCConfigurationList;
			buildConfigurations = (
				F06A9ABD22651A5D004E8BDB /* Debug */,
				F06A9ABE22651A5D004E8BDB /* Release */,
			);
			defaultConfigurationIsVisible = 0;
			defaultConfigurationName = Release;
		};
/* End XCConfigurationList section */
	};
	rootObject = F06A9AA222651A5B004E8BDB /* Project object */;
}
